
Microsoft Visual Studio Solution File, Format Version 12.00
# Visual Studio Version 16
VisualStudioVersion = 16.0.31702.278
MinimumVisualStudioVersion = 10.0.40219.1
Project("{FAE04EC0-301F-11D3-BF4B-00C04F79EFBC}") = "Ns`s card Editor", "Ns`s card Editor\Ns`s card Editor.csproj", "{260352F1-68E9-43F5-906C-15FF9AF12AD4}"
EndProject
Global
	GlobalSection(SolutionConfigurationPlatforms) = preSolution
		Debug|Any CPU = Debug|Any CPU
		Release|Any CPU = Release|Any CPU
	EndGlobalSection
	GlobalSection(ProjectConfigurationPlatforms) = postSolution
		{260352F1-68E9-43F5-906C-15FF9AF12AD4}.Debug|Any CPU.ActiveCfg = Debug|Any CPU
		{260352F1-68E9-43F5-906C-15FF9AF12AD4}.Debug|Any CPU.Build.0 = Debug|Any CPU
		{260352F1-68E9-43F5-906C-15FF9AF12AD4}.Release|Any CPU.ActiveCfg = Release|Any CPU
		{260352F1-68E9-43F5-906C-15FF9AF12AD4}.Release|Any CPU.Build.0 = Release|Any CPU
	EndGlobalSection
	GlobalSection(SolutionProperties) = preSolution
		HideSolutionNode = FALSE
	EndGlobalSection
	GlobalSection(ExtensibilityGlobals) = postSolution
		SolutionGuid = {8A32959C-6CBC-4280-BDD1-E5B55ADD9D9B}
	EndGlobalSection
EndGlobal
